
Microsoft Visual Studio Solution File, Format Version 12.00
# Visual Studio Version 16
VisualStudioVersion = 16.0.31624.102
MinimumVisualStudioVersion = 10.0.40219.1
Project("{FAE04EC0-301F-11D3-BF4B-00C04F79EFBC}") = "E11-trycatchExample", "E11-trycatchExample\E11-trycatchExample.csproj", "{1CF2FC40-44DB-47B9-9984-42ACDF90AF37}"
EndProject
Global
	GlobalSection(SolutionConfigurationPlatforms) = preSolution
		Debug|Any CPU = Debug|Any CPU
		Release|Any CPU = Release|Any CPU
	EndGlobalSection
	GlobalSection(ProjectConfigurationPlatforms) = postSolution
		{1CF2FC40-44DB-47B9-9984-42ACDF90AF37}.Debug|Any CPU.ActiveCfg = Debug|Any CPU
		{1CF2FC40-44DB-47B9-9984-42ACDF90AF37}.Debug|Any CPU.Build.0 = Debug|Any CPU
		{1CF2FC40-44DB-47B9-9984-42ACDF90AF37}.Release|Any CPU.ActiveCfg = Release|Any CPU
		{1CF2FC40-44DB-47B9-9984-42ACDF90AF37}.Release|Any CPU.Build.0 = Release|Any CPU
	EndGlobalSection
	GlobalSection(SolutionProperties) = preSolution
		HideSolutionNode = FALSE
	EndGlobalSection
	GlobalSection(ExtensibilityGlobals) = postSolution
		SolutionGuid = {313DF5CD-3BC5-4A86-B39A-92FA5C7E70A9}
	EndGlobalSection
EndGlobal
