
Microsoft Visual Studio Solution File, Format Version 12.00
# Visual Studio 15
VisualStudioVersion = 15.0.28307.271
MinimumVisualStudioVersion = 10.0.40219.1
Project("{FAE04EC0-301F-11D3-BF4B-00C04F79EFBC}") = "WpfApp20241114", "WpfApp20241114\WpfApp20241114.csproj", "{7C2D68C0-B9DC-4B3C-862B-322AB6548161}"
EndProject
Global
	GlobalSection(SolutionConfigurationPlatforms) = preSolution
		Debug|Any CPU = Debug|Any CPU
		Release|Any CPU = Release|Any CPU
	EndGlobalSection
	GlobalSection(ProjectConfigurationPlatforms) = postSolution
		{7C2D68C0-B9DC-4B3C-862B-322AB6548161}.Debug|Any CPU.ActiveCfg = Debug|Any CPU
		{7C2D68C0-B9DC-4B3C-862B-322AB6548161}.Debug|Any CPU.Build.0 = Debug|Any CPU
		{7C2D68C0-B9DC-4B3C-862B-322AB6548161}.Release|Any CPU.ActiveCfg = Release|Any CPU
		{7C2D68C0-B9DC-4B3C-862B-322AB6548161}.Release|Any CPU.Build.0 = Release|Any CPU
	EndGlobalSection
	GlobalSection(SolutionProperties) = preSolution
		HideSolutionNode = FALSE
	EndGlobalSection
	GlobalSection(ExtensibilityGlobals) = postSolution
		SolutionGuid = {4FA70B2F-E8C7-4FFE-8F9D-ABA533AC36DE}
	EndGlobalSection
EndGlobal
