
Microsoft Visual Studio Solution File, Format Version 12.00
# Visual Studio 15
VisualStudioVersion = 15.0.28307.271
MinimumVisualStudioVersion = 10.0.40219.1
Project("{FAE04EC0-301F-11D3-BF4B-00C04F79EFBC}") = "ConsoleAppHelloWorld", "ConsoleAppHelloWorld\ConsoleAppHelloWorld.csproj", "{728FD049-AB6A-4BEC-BC1B-87885EDABAE2}"
EndProject
Project("{FAE04EC0-301F-11D3-BF4B-00C04F79EFBC}") = "WpfAppHelloWorld", "WpfAppHelloWorld\WpfAppHelloWorld.csproj", "{E2DC01D0-714D-4098-8E78-A8C16BB34675}"
EndProject
Global
	GlobalSection(SolutionConfigurationPlatforms) = preSolution
		Debug|Any CPU = Debug|Any CPU
		Release|Any CPU = Release|Any CPU
	EndGlobalSection
	GlobalSection(ProjectConfigurationPlatforms) = postSolution
		{728FD049-AB6A-4BEC-BC1B-87885EDABAE2}.Debug|Any CPU.ActiveCfg = Debug|Any CPU
		{728FD049-AB6A-4BEC-BC1B-87885EDABAE2}.Debug|Any CPU.Build.0 = Debug|Any CPU
		{728FD049-AB6A-4BEC-BC1B-87885EDABAE2}.Release|Any CPU.ActiveCfg = Release|Any CPU
		{728FD049-AB6A-4BEC-BC1B-87885EDABAE2}.Release|Any CPU.Build.0 = Release|Any CPU
		{E2DC01D0-714D-4098-8E78-A8C16BB34675}.Debug|Any CPU.ActiveCfg = Debug|Any CPU
		{E2DC01D0-714D-4098-8E78-A8C16BB34675}.Debug|Any CPU.Build.0 = Debug|Any CPU
		{E2DC01D0-714D-4098-8E78-A8C16BB34675}.Release|Any CPU.ActiveCfg = Release|Any CPU
		{E2DC01D0-714D-4098-8E78-A8C16BB34675}.Release|Any CPU.Build.0 = Release|Any CPU
	EndGlobalSection
	GlobalSection(SolutionProperties) = preSolution
		HideSolutionNode = FALSE
	EndGlobalSection
	GlobalSection(ExtensibilityGlobals) = postSolution
		SolutionGuid = {6CFFECB7-67E7-4FCE-956E-8748D0F8723A}
	EndGlobalSection
EndGlobal
