
Microsoft Visual Studio Solution File, Format Version 12.00
# Visual Studio Version 16
VisualStudioVersion = 16.0.31624.102
MinimumVisualStudioVersion = 10.0.40219.1
Project("{FAE04EC0-301F-11D3-BF4B-00C04F79EFBC}") = "E02-fileReadWriteExample", "E02-fileReadWriteExample\E02-fileReadWriteExample.csproj", "{AEF1A285-9DF8-45D3-8B0E-9C52C99E8DD0}"
EndProject
Global
	GlobalSection(SolutionConfigurationPlatforms) = preSolution
		Debug|Any CPU = Debug|Any CPU
		Release|Any CPU = Release|Any CPU
	EndGlobalSection
	GlobalSection(ProjectConfigurationPlatforms) = postSolution
		{AEF1A285-9DF8-45D3-8B0E-9C52C99E8DD0}.Debug|Any CPU.ActiveCfg = Debug|Any CPU
		{AEF1A285-9DF8-45D3-8B0E-9C52C99E8DD0}.Debug|Any CPU.Build.0 = Debug|Any CPU
		{AEF1A285-9DF8-45D3-8B0E-9C52C99E8DD0}.Release|Any CPU.ActiveCfg = Release|Any CPU
		{AEF1A285-9DF8-45D3-8B0E-9C52C99E8DD0}.Release|Any CPU.Build.0 = Release|Any CPU
	EndGlobalSection
	GlobalSection(SolutionProperties) = preSolution
		HideSolutionNode = FALSE
	EndGlobalSection
	GlobalSection(ExtensibilityGlobals) = postSolution
		SolutionGuid = {FD89503A-3E30-4F6F-B831-D5952CAE9735}
	EndGlobalSection
EndGlobal
