
Microsoft Visual Studio Solution File, Format Version 12.00
# Visual Studio Version 16
VisualStudioVersion = 16.0.31624.102
MinimumVisualStudioVersion = 10.0.40219.1
Project("{FAE04EC0-301F-11D3-BF4B-00C04F79EFBC}") = "DataExampleWpfApp", "DataExampleWpfApp\DataExampleWpfApp.csproj", "{CCB92363-5B8D-439F-9A59-4578A2ACFD19}"
EndProject
Global
	GlobalSection(SolutionConfigurationPlatforms) = preSolution
		Debug|Any CPU = Debug|Any CPU
		Release|Any CPU = Release|Any CPU
	EndGlobalSection
	GlobalSection(ProjectConfigurationPlatforms) = postSolution
		{CCB92363-5B8D-439F-9A59-4578A2ACFD19}.Debug|Any CPU.ActiveCfg = Debug|Any CPU
		{CCB92363-5B8D-439F-9A59-4578A2ACFD19}.Debug|Any CPU.Build.0 = Debug|Any CPU
		{CCB92363-5B8D-439F-9A59-4578A2ACFD19}.Release|Any CPU.ActiveCfg = Release|Any CPU
		{CCB92363-5B8D-439F-9A59-4578A2ACFD19}.Release|Any CPU.Build.0 = Release|Any CPU
	EndGlobalSection
	GlobalSection(SolutionProperties) = preSolution
		HideSolutionNode = FALSE
	EndGlobalSection
	GlobalSection(ExtensibilityGlobals) = postSolution
		SolutionGuid = {59129714-0541-423A-B5AA-C976F5567F47}
	EndGlobalSection
EndGlobal
