
Microsoft Visual Studio Solution File, Format Version 12.00
# Visual Studio Version 16
VisualStudioVersion = 16.0.31624.102
MinimumVisualStudioVersion = 10.0.40219.1
Project("{FAE04EC0-301F-11D3-BF4B-00C04F79EFBC}") = "E07-InterfaceInheritExample", "E07-InterfaceInheritExample\E07-InterfaceInheritExample.csproj", "{118B0EE1-00C4-45F6-9D47-70CBC8144781}"
EndProject
Global
	GlobalSection(SolutionConfigurationPlatforms) = preSolution
		Debug|Any CPU = Debug|Any CPU
		Release|Any CPU = Release|Any CPU
	EndGlobalSection
	GlobalSection(ProjectConfigurationPlatforms) = postSolution
		{118B0EE1-00C4-45F6-9D47-70CBC8144781}.Debug|Any CPU.ActiveCfg = Debug|Any CPU
		{118B0EE1-00C4-45F6-9D47-70CBC8144781}.Debug|Any CPU.Build.0 = Debug|Any CPU
		{118B0EE1-00C4-45F6-9D47-70CBC8144781}.Release|Any CPU.ActiveCfg = Release|Any CPU
		{118B0EE1-00C4-45F6-9D47-70CBC8144781}.Release|Any CPU.Build.0 = Release|Any CPU
	EndGlobalSection
	GlobalSection(SolutionProperties) = preSolution
		HideSolutionNode = FALSE
	EndGlobalSection
	GlobalSection(ExtensibilityGlobals) = postSolution
		SolutionGuid = {9FB97FED-E367-4079-8FC5-C6DC2E26FCC5}
	EndGlobalSection
EndGlobal
