
Microsoft Visual Studio Solution File, Format Version 12.00
# Visual Studio Version 16
VisualStudioVersion = 16.0.31624.102
MinimumVisualStudioVersion = 10.0.40219.1
Project("{FAE04EC0-301F-11D3-BF4B-00C04F79EFBC}") = "E04-DrawShapesExample", "E04-DrawShapesExample\E04-DrawShapesExample.csproj", "{78D2B985-92CE-42B0-9FBF-1448311878C8}"
EndProject
Global
	GlobalSection(SolutionConfigurationPlatforms) = preSolution
		Debug|Any CPU = Debug|Any CPU
		Release|Any CPU = Release|Any CPU
	EndGlobalSection
	GlobalSection(ProjectConfigurationPlatforms) = postSolution
		{78D2B985-92CE-42B0-9FBF-1448311878C8}.Debug|Any CPU.ActiveCfg = Debug|Any CPU
		{78D2B985-92CE-42B0-9FBF-1448311878C8}.Debug|Any CPU.Build.0 = Debug|Any CPU
		{78D2B985-92CE-42B0-9FBF-1448311878C8}.Release|Any CPU.ActiveCfg = Release|Any CPU
		{78D2B985-92CE-42B0-9FBF-1448311878C8}.Release|Any CPU.Build.0 = Release|Any CPU
	EndGlobalSection
	GlobalSection(SolutionProperties) = preSolution
		HideSolutionNode = FALSE
	EndGlobalSection
	GlobalSection(ExtensibilityGlobals) = postSolution
		SolutionGuid = {820AA52D-2E28-4BA6-A77C-F2AA7C93D6C0}
	EndGlobalSection
EndGlobal
