
Microsoft Visual Studio Solution File, Format Version 12.00
# Visual Studio Version 16
VisualStudioVersion = 16.0.31624.102
MinimumVisualStudioVersion = 10.0.40219.1
Project("{FAE04EC0-301F-11D3-BF4B-00C04F79EFBC}") = "E08-ListExample", "E08-ListExample\E08-ListExample.csproj", "{235FE279-4636-4119-9347-E8A78352C4C7}"
EndProject
Global
	GlobalSection(SolutionConfigurationPlatforms) = preSolution
		Debug|Any CPU = Debug|Any CPU
		Release|Any CPU = Release|Any CPU
	EndGlobalSection
	GlobalSection(ProjectConfigurationPlatforms) = postSolution
		{235FE279-4636-4119-9347-E8A78352C4C7}.Debug|Any CPU.ActiveCfg = Debug|Any CPU
		{235FE279-4636-4119-9347-E8A78352C4C7}.Debug|Any CPU.Build.0 = Debug|Any CPU
		{235FE279-4636-4119-9347-E8A78352C4C7}.Release|Any CPU.ActiveCfg = Release|Any CPU
		{235FE279-4636-4119-9347-E8A78352C4C7}.Release|Any CPU.Build.0 = Release|Any CPU
	EndGlobalSection
	GlobalSection(SolutionProperties) = preSolution
		HideSolutionNode = FALSE
	EndGlobalSection
	GlobalSection(ExtensibilityGlobals) = postSolution
		SolutionGuid = {6F598015-0F46-461D-AB54-2BFDB8542BDB}
	EndGlobalSection
EndGlobal
