
Microsoft Visual Studio Solution File, Format Version 12.00
# Visual Studio Version 16
VisualStudioVersion = 16.0.31624.102
MinimumVisualStudioVersion = 10.0.40219.1
Project("{FAE04EC0-301F-11D3-BF4B-00C04F79EFBC}") = "E03-MethodExample", "E03-MethodExample\E03-MethodExample.csproj", "{76CAFAAA-FD31-49BF-B55F-B5C81B417239}"
EndProject
Global
	GlobalSection(SolutionConfigurationPlatforms) = preSolution
		Debug|Any CPU = Debug|Any CPU
		Release|Any CPU = Release|Any CPU
	EndGlobalSection
	GlobalSection(ProjectConfigurationPlatforms) = postSolution
		{76CAFAAA-FD31-49BF-B55F-B5C81B417239}.Debug|Any CPU.ActiveCfg = Debug|Any CPU
		{76CAFAAA-FD31-49BF-B55F-B5C81B417239}.Debug|Any CPU.Build.0 = Debug|Any CPU
		{76CAFAAA-FD31-49BF-B55F-B5C81B417239}.Release|Any CPU.ActiveCfg = Release|Any CPU
		{76CAFAAA-FD31-49BF-B55F-B5C81B417239}.Release|Any CPU.Build.0 = Release|Any CPU
	EndGlobalSection
	GlobalSection(SolutionProperties) = preSolution
		HideSolutionNode = FALSE
	EndGlobalSection
	GlobalSection(ExtensibilityGlobals) = postSolution
		SolutionGuid = {6310412E-F165-43E0-9B4C-A017ED0D1E73}
	EndGlobalSection
EndGlobal
